{
  "name": "mergewitness-core",
  "version": "0.2.1",
  "lockfileVersion": 3,
  "requires": true,
  "packages": {
    "": {
      "name": "mergewitness-core",
      "version": "0.2.1",
      "license": "MIT",
      "bin": {
        "mergewitness": "src/cli/mergewitness.mjs",
        "mergewitness-mcp": "src/mcp/server.mjs"
      },
      "engines": {
        "node": ">=22"
      }
    }
  }
}
